
Microsoft Visual Studio Solution File, Format Version 12.00
# Visual Studio Version 17
VisualStudioVersion = 17.5.33516.290
MinimumVisualStudioVersion = 10.0.40219.1
Project("{9A19103F-16F7-4668-BE54-9A1E7A4F7556}") = "GerenciaAparelhos.Models", "GerenciaAparelhos.Models\GerenciaAparelhos.Models.csproj", "{096911D9-FF84-4A5E-A365-28C531142BB9}"
EndProject
Project("{9A19103F-16F7-4668-BE54-9A1E7A4F7556}") = "GerenciaAparelhos.Business", "GerenciaAparelhos.Business\GerenciaAparelhos.Business.csproj", "{82571272-3650-4A11-BD8F-7BF9FED3281C}"
EndProject
Project("{9A19103F-16F7-4668-BE54-9A1E7A4F7556}") = "GerenciaAparelhos.Sistema", "GerenciaAparelhos.Sistema\GerenciaAparelhos.Sistema.csproj", "{A8C2084D-C765-4836-AF3D-7007FDD524F8}"
EndProject
Project("{9A19103F-16F7-4668-BE54-9A1E7A4F7556}") = "GerenciaAparelhos.Repository", "GerenciaAparelhos.Repository\GerenciaAparelhos.Repository.csproj", "{E2C893E1-DDF7-4420-9624-732A802F42AA}"
EndProject
Global
	GlobalSection(SolutionConfigurationPlatforms) = preSolution
		Debug|Any CPU = Debug|Any CPU
		Release|Any CPU = Release|Any CPU
	EndGlobalSection
	GlobalSection(ProjectConfigurationPlatforms) = postSolution
		{096911D9-FF84-4A5E-A365-28C531142BB9}.Debug|Any CPU.ActiveCfg = Debug|Any CPU
		{096911D9-FF84-4A5E-A365-28C531142BB9}.Debug|Any CPU.Build.0 = Debug|Any CPU
		{096911D9-FF84-4A5E-A365-28C531142BB9}.Release|Any CPU.ActiveCfg = Release|Any CPU
		{096911D9-FF84-4A5E-A365-28C531142BB9}.Release|Any CPU.Build.0 = Release|Any CPU
		{82571272-3650-4A11-BD8F-7BF9FED3281C}.Debug|Any CPU.ActiveCfg = Debug|Any CPU
		{82571272-3650-4A11-BD8F-7BF9FED3281C}.Debug|Any CPU.Build.0 = Debug|Any CPU
		{82571272-3650-4A11-BD8F-7BF9FED3281C}.Release|Any CPU.ActiveCfg = Release|Any CPU
		{82571272-3650-4A11-BD8F-7BF9FED3281C}.Release|Any CPU.Build.0 = Release|Any CPU
		{A8C2084D-C765-4836-AF3D-7007FDD524F8}.Debug|Any CPU.ActiveCfg = Debug|Any CPU
		{A8C2084D-C765-4836-AF3D-7007FDD524F8}.Debug|Any CPU.Build.0 = Debug|Any CPU
		{A8C2084D-C765-4836-AF3D-7007FDD524F8}.Release|Any CPU.ActiveCfg = Release|Any CPU
		{A8C2084D-C765-4836-AF3D-7007FDD524F8}.Release|Any CPU.Build.0 = Release|Any CPU
		{E2C893E1-DDF7-4420-9624-732A802F42AA}.Debug|Any CPU.ActiveCfg = Debug|Any CPU
		{E2C893E1-DDF7-4420-9624-732A802F42AA}.Debug|Any CPU.Build.0 = Debug|Any CPU
		{E2C893E1-DDF7-4420-9624-732A802F42AA}.Release|Any CPU.ActiveCfg = Release|Any CPU
		{E2C893E1-DDF7-4420-9624-732A802F42AA}.Release|Any CPU.Build.0 = Release|Any CPU
	EndGlobalSection
	GlobalSection(SolutionProperties) = preSolution
		HideSolutionNode = FALSE
	EndGlobalSection
	GlobalSection(ExtensibilityGlobals) = postSolution
		SolutionGuid = {B2B4F7AA-B391-4659-9F93-25C7EDA1BBD2}
	EndGlobalSection
EndGlobal
